
Microsoft Visual Studio Solution File, Format Version 12.00
# Visual Studio Version 16
VisualStudioVersion = 16.0.32228.343
MinimumVisualStudioVersion = 10.0.40219.1
Project("{FAE04EC0-301F-11D3-BF4B-00C04F79EFBC}") = "Railway Reservation System", "Railway Reservation System\Railway Reservation System.csproj", "{A997F0C2-F65D-4C04-8F49-01CC6F900EC4}"
EndProject
Global
	GlobalSection(SolutionConfigurationPlatforms) = preSolution
		Debug|Any CPU = Debug|Any CPU
		Release|Any CPU = Release|Any CPU
	EndGlobalSection
	GlobalSection(ProjectConfigurationPlatforms) = postSolution
		{A997F0C2-F65D-4C04-8F49-01CC6F900EC4}.Debug|Any CPU.ActiveCfg = Debug|Any CPU
		{A997F0C2-F65D-4C04-8F49-01CC6F900EC4}.Debug|Any CPU.Build.0 = Debug|Any CPU
		{A997F0C2-F65D-4C04-8F49-01CC6F900EC4}.Release|Any CPU.ActiveCfg = Release|Any CPU
		{A997F0C2-F65D-4C04-8F49-01CC6F900EC4}.Release|Any CPU.Build.0 = Release|Any CPU
	EndGlobalSection
	GlobalSection(SolutionProperties) = preSolution
		HideSolutionNode = FALSE
	EndGlobalSection
	GlobalSection(ExtensibilityGlobals) = postSolution
		SolutionGuid = {1CD1625F-85F4-4319-A03A-6115C8280688}
	EndGlobalSection
EndGlobal
